
Microsoft Visual Studio Solution File, Format Version 12.00
# Visual Studio Version 17
VisualStudioVersion = 17.0.32112.339
MinimumVisualStudioVersion = 10.0.40219.1
Project("{9A19103F-16F7-4668-BE54-9A1E7A4F7556}") = "Metrix.Api", "Metrix.Api\Metrix.Api.csproj", "{FC7B04CF-5FB4-4A26-A924-02BF60156146}"
EndProject
Project("{FAE04EC0-301F-11D3-BF4B-00C04F79EFBC}") = "Metrix.Core", "Metrix.Core\Metrix.Core.csproj", "{84DD7294-72AC-4403-B138-A5ED9EEF1684}"
EndProject
Project("{FAE04EC0-301F-11D3-BF4B-00C04F79EFBC}") = "Metrix.Core.Tests", "Metrix.Core.Tests\Metrix.Core.Tests.csproj", "{DF5B6710-B0B4-405A-9BA0-EF03B0C6EBD5}"
EndProject
Global
	GlobalSection(SolutionConfigurationPlatforms) = preSolution
		Debug|Any CPU = Debug|Any CPU
		Release|Any CPU = Release|Any CPU
	EndGlobalSection
	GlobalSection(ProjectConfigurationPlatforms) = postSolution
		{FC7B04CF-5FB4-4A26-A924-02BF60156146}.Debug|Any CPU.ActiveCfg = Debug|Any CPU
		{FC7B04CF-5FB4-4A26-A924-02BF60156146}.Debug|Any CPU.Build.0 = Debug|Any CPU
		{FC7B04CF-5FB4-4A26-A924-02BF60156146}.Release|Any CPU.ActiveCfg = Release|Any CPU
		{FC7B04CF-5FB4-4A26-A924-02BF60156146}.Release|Any CPU.Build.0 = Release|Any CPU
		{84DD7294-72AC-4403-B138-A5ED9EEF1684}.Debug|Any CPU.ActiveCfg = Debug|Any CPU
		{84DD7294-72AC-4403-B138-A5ED9EEF1684}.Debug|Any CPU.Build.0 = Debug|Any CPU
		{84DD7294-72AC-4403-B138-A5ED9EEF1684}.Release|Any CPU.ActiveCfg = Release|Any CPU
		{84DD7294-72AC-4403-B138-A5ED9EEF1684}.Release|Any CPU.Build.0 = Release|Any CPU
		{DF5B6710-B0B4-405A-9BA0-EF03B0C6EBD5}.Debug|Any CPU.ActiveCfg = Debug|Any CPU
		{DF5B6710-B0B4-405A-9BA0-EF03B0C6EBD5}.Debug|Any CPU.Build.0 = Debug|Any CPU
		{DF5B6710-B0B4-405A-9BA0-EF03B0C6EBD5}.Release|Any CPU.ActiveCfg = Release|Any CPU
		{DF5B6710-B0B4-405A-9BA0-EF03B0C6EBD5}.Release|Any CPU.Build.0 = Release|Any CPU
	EndGlobalSection
	GlobalSection(SolutionProperties) = preSolution
		HideSolutionNode = FALSE
	EndGlobalSection
	GlobalSection(ExtensibilityGlobals) = postSolution
		SolutionGuid = {EA92AC7C-C2F5-4299-9844-6BCB24F574C8}
	EndGlobalSection
EndGlobal
